
Microsoft Visual Studio Solution File, Format Version 12.00
# Visual Studio 15
VisualStudioVersion = 15.0.26730.12
MinimumVisualStudioVersion = 10.0.40219.1
Project("{8BC9CEB8-8B4A-11D0-8D11-00A0C91BC942}") = "beijing54", "beijing54\beijing54.vcxproj", "{9D09513A-A1F8-4BF8-9937-875F24720A6D}"
EndProject
Project("{8BC9CEB8-8B4A-11D0-8D11-00A0C91BC942}") = "xlsxFileReader", "xlsxFileReader\xlsxFileReader.vcxproj", "{6716AB7D-A257-4EDA-ACC6-0049155B5E08}"
EndProject
Project("{8BC9CEB8-8B4A-11D0-8D11-00A0C91BC942}") = "splitByDistance", "splitByDistance\splitByDistance.vcxproj", "{27CAEC91-5B4E-41FA-8B2A-B9FC1A145F9D}"
EndProject
Project("{8BC9CEB8-8B4A-11D0-8D11-00A0C91BC942}") = "NGLog", "NGLog\NGLog.vcxproj", "{5CC78F52-B50F-407F-879F-F616CF468EEC}"
EndProject
Project("{8BC9CEB8-8B4A-11D0-8D11-00A0C91BC942}") = "XercesWrapper", "XercesWrapper\XercesWrapper.vcxproj", "{E6D51A9F-9E6C-438F-81EE-FC465CA10360}"
EndProject
Project("{8BC9CEB8-8B4A-11D0-8D11-00A0C91BC942}") = "binFileReaderV1", "binFileReaderV1\binFileReaderV1.vcxproj", "{5FCACBDE-6FA3-4A45-8410-BBF1E1EAC751}"
EndProject
Project("{8BC9CEB8-8B4A-11D0-8D11-00A0C91BC942}") = "BasicDef", "CalculateModel\BasicDef\BasicDef.vcxproj", "{76F43739-A386-4F56-8FE2-116643575DE6}"
EndProject
Project("{8BC9CEB8-8B4A-11D0-8D11-00A0C91BC942}") = "EarthCoordCompute", "CalculateModel\EarthCoordCompute\EarthCoordCompute.vcxproj", "{70B871BD-6370-4F69-8EC3-A4D090DE3E39}"
EndProject
Global
	GlobalSection(SolutionConfigurationPlatforms) = preSolution
		Debug|ARM = Debug|ARM
		Debug|Win32 = Debug|Win32
		Debug|x64 = Debug|x64
		Debug|x86 = Debug|x86
		Release|ARM = Release|ARM
		Release|Win32 = Release|Win32
		Release|x64 = Release|x64
		Release|x86 = Release|x86
	EndGlobalSection
	GlobalSection(ProjectConfigurationPlatforms) = postSolution
		{9D09513A-A1F8-4BF8-9937-875F24720A6D}.Debug|ARM.ActiveCfg = Debug|Win32
		{9D09513A-A1F8-4BF8-9937-875F24720A6D}.Debug|Win32.ActiveCfg = Debug|Win32
		{9D09513A-A1F8-4BF8-9937-875F24720A6D}.Debug|Win32.Build.0 = Debug|Win32
		{9D09513A-A1F8-4BF8-9937-875F24720A6D}.Debug|x64.ActiveCfg = Debug|x64
		{9D09513A-A1F8-4BF8-9937-875F24720A6D}.Debug|x64.Build.0 = Debug|x64
		{9D09513A-A1F8-4BF8-9937-875F24720A6D}.Debug|x86.ActiveCfg = Debug|Win32
		{9D09513A-A1F8-4BF8-9937-875F24720A6D}.Debug|x86.Build.0 = Debug|Win32
		{9D09513A-A1F8-4BF8-9937-875F24720A6D}.Release|ARM.ActiveCfg = Release|Win32
		{9D09513A-A1F8-4BF8-9937-875F24720A6D}.Release|Win32.ActiveCfg = Release|Win32
		{9D09513A-A1F8-4BF8-9937-875F24720A6D}.Release|Win32.Build.0 = Release|Win32
		{9D09513A-A1F8-4BF8-9937-875F24720A6D}.Release|x64.ActiveCfg = Debug|x64
		{9D09513A-A1F8-4BF8-9937-875F24720A6D}.Release|x64.Build.0 = Debug|x64
		{9D09513A-A1F8-4BF8-9937-875F24720A6D}.Release|x86.ActiveCfg = Release|Win32
		{9D09513A-A1F8-4BF8-9937-875F24720A6D}.Release|x86.Build.0 = Release|Win32
		{6716AB7D-A257-4EDA-ACC6-0049155B5E08}.Debug|ARM.ActiveCfg = Debug|ARM
		{6716AB7D-A257-4EDA-ACC6-0049155B5E08}.Debug|ARM.Build.0 = Debug|ARM
		{6716AB7D-A257-4EDA-ACC6-0049155B5E08}.Debug|Win32.ActiveCfg = Debug|Win32
		{6716AB7D-A257-4EDA-ACC6-0049155B5E08}.Debug|Win32.Build.0 = Debug|Win32
		{6716AB7D-A257-4EDA-ACC6-0049155B5E08}.Debug|x64.ActiveCfg = Debug|x64
		{6716AB7D-A257-4EDA-ACC6-0049155B5E08}.Debug|x64.Build.0 = Debug|x64
		{6716AB7D-A257-4EDA-ACC6-0049155B5E08}.Debug|x86.ActiveCfg = Debug|Win32
		{6716AB7D-A257-4EDA-ACC6-0049155B5E08}.Debug|x86.Build.0 = Debug|Win32
		{6716AB7D-A257-4EDA-ACC6-0049155B5E08}.Release|ARM.ActiveCfg = Release|ARM
		{6716AB7D-A257-4EDA-ACC6-0049155B5E08}.Release|ARM.Build.0 = Release|ARM
		{6716AB7D-A257-4EDA-ACC6-0049155B5E08}.Release|Win32.ActiveCfg = Release|Win32
		{6716AB7D-A257-4EDA-ACC6-0049155B5E08}.Release|Win32.Build.0 = Release|Win32
		{6716AB7D-A257-4EDA-ACC6-0049155B5E08}.Release|x64.ActiveCfg = Debug|x64
		{6716AB7D-A257-4EDA-ACC6-0049155B5E08}.Release|x64.Build.0 = Debug|x64
		{6716AB7D-A257-4EDA-ACC6-0049155B5E08}.Release|x86.ActiveCfg = Release|Win32
		{6716AB7D-A257-4EDA-ACC6-0049155B5E08}.Release|x86.Build.0 = Release|Win32
		{27CAEC91-5B4E-41FA-8B2A-B9FC1A145F9D}.Debug|ARM.ActiveCfg = Debug|ARM
		{27CAEC91-5B4E-41FA-8B2A-B9FC1A145F9D}.Debug|ARM.Build.0 = Debug|ARM
		{27CAEC91-5B4E-41FA-8B2A-B9FC1A145F9D}.Debug|Win32.ActiveCfg = Debug|Win32
		{27CAEC91-5B4E-41FA-8B2A-B9FC1A145F9D}.Debug|Win32.Build.0 = Debug|Win32
		{27CAEC91-5B4E-41FA-8B2A-B9FC1A145F9D}.Debug|x64.ActiveCfg = Debug|x64
		{27CAEC91-5B4E-41FA-8B2A-B9FC1A145F9D}.Debug|x64.Build.0 = Debug|x64
		{27CAEC91-5B4E-41FA-8B2A-B9FC1A145F9D}.Debug|x86.ActiveCfg = Debug|Win32
		{27CAEC91-5B4E-41FA-8B2A-B9FC1A145F9D}.Debug|x86.Build.0 = Debug|Win32
		{27CAEC91-5B4E-41FA-8B2A-B9FC1A145F9D}.Release|ARM.ActiveCfg = Release|ARM
		{27CAEC91-5B4E-41FA-8B2A-B9FC1A145F9D}.Release|ARM.Build.0 = Release|ARM
		{27CAEC91-5B4E-41FA-8B2A-B9FC1A145F9D}.Release|Win32.ActiveCfg = Release|Win32
		{27CAEC91-5B4E-41FA-8B2A-B9FC1A145F9D}.Release|Win32.Build.0 = Release|Win32
		{27CAEC91-5B4E-41FA-8B2A-B9FC1A145F9D}.Release|x64.ActiveCfg = Debug|x64
		{27CAEC91-5B4E-41FA-8B2A-B9FC1A145F9D}.Release|x64.Build.0 = Debug|x64
		{27CAEC91-5B4E-41FA-8B2A-B9FC1A145F9D}.Release|x86.ActiveCfg = Release|Win32
		{27CAEC91-5B4E-41FA-8B2A-B9FC1A145F9D}.Release|x86.Build.0 = Release|Win32
		{5CC78F52-B50F-407F-879F-F616CF468EEC}.Debug|ARM.ActiveCfg = Debug|Win32
		{5CC78F52-B50F-407F-879F-F616CF468EEC}.Debug|Win32.ActiveCfg = Debug|Win32
		{5CC78F52-B50F-407F-879F-F616CF468EEC}.Debug|Win32.Build.0 = Debug|Win32
		{5CC78F52-B50F-407F-879F-F616CF468EEC}.Debug|x64.ActiveCfg = Debug|x64
		{5CC78F52-B50F-407F-879F-F616CF468EEC}.Debug|x64.Build.0 = Debug|x64
		{5CC78F52-B50F-407F-879F-F616CF468EEC}.Debug|x86.ActiveCfg = Debug|Win32
		{5CC78F52-B50F-407F-879F-F616CF468EEC}.Debug|x86.Build.0 = Debug|Win32
		{5CC78F52-B50F-407F-879F-F616CF468EEC}.Release|ARM.ActiveCfg = Release|Win32
		{5CC78F52-B50F-407F-879F-F616CF468EEC}.Release|Win32.ActiveCfg = Release|Win32
		{5CC78F52-B50F-407F-879F-F616CF468EEC}.Release|Win32.Build.0 = Release|Win32
		{5CC78F52-B50F-407F-879F-F616CF468EEC}.Release|x64.ActiveCfg = Release|Win32
		{5CC78F52-B50F-407F-879F-F616CF468EEC}.Release|x86.ActiveCfg = Release|Win32
		{5CC78F52-B50F-407F-879F-F616CF468EEC}.Release|x86.Build.0 = Release|Win32
		{E6D51A9F-9E6C-438F-81EE-FC465CA10360}.Debug|ARM.ActiveCfg = Debug|Win32
		{E6D51A9F-9E6C-438F-81EE-FC465CA10360}.Debug|Win32.ActiveCfg = Debug|Win32
		{E6D51A9F-9E6C-438F-81EE-FC465CA10360}.Debug|Win32.Build.0 = Debug|Win32
		{E6D51A9F-9E6C-438F-81EE-FC465CA10360}.Debug|x64.ActiveCfg = Debug|x64
		{E6D51A9F-9E6C-438F-81EE-FC465CA10360}.Debug|x64.Build.0 = Debug|x64
		{E6D51A9F-9E6C-438F-81EE-FC465CA10360}.Debug|x86.ActiveCfg = Debug|Win32
		{E6D51A9F-9E6C-438F-81EE-FC465CA10360}.Debug|x86.Build.0 = Debug|Win32
		{E6D51A9F-9E6C-438F-81EE-FC465CA10360}.Release|ARM.ActiveCfg = Release|Win32
		{E6D51A9F-9E6C-438F-81EE-FC465CA10360}.Release|Win32.ActiveCfg = Release|Win32
		{E6D51A9F-9E6C-438F-81EE-FC465CA10360}.Release|Win32.Build.0 = Release|Win32
		{E6D51A9F-9E6C-438F-81EE-FC465CA10360}.Release|x64.ActiveCfg = Release|Win32
		{E6D51A9F-9E6C-438F-81EE-FC465CA10360}.Release|x86.ActiveCfg = Release|Win32
		{E6D51A9F-9E6C-438F-81EE-FC465CA10360}.Release|x86.Build.0 = Release|Win32
		{5FCACBDE-6FA3-4A45-8410-BBF1E1EAC751}.Debug|ARM.ActiveCfg = Debug|ARM
		{5FCACBDE-6FA3-4A45-8410-BBF1E1EAC751}.Debug|ARM.Build.0 = Debug|ARM
		{5FCACBDE-6FA3-4A45-8410-BBF1E1EAC751}.Debug|Win32.ActiveCfg = Debug|Win32
		{5FCACBDE-6FA3-4A45-8410-BBF1E1EAC751}.Debug|Win32.Build.0 = Debug|Win32
		{5FCACBDE-6FA3-4A45-8410-BBF1E1EAC751}.Debug|x64.ActiveCfg = Debug|x64
		{5FCACBDE-6FA3-4A45-8410-BBF1E1EAC751}.Debug|x64.Build.0 = Debug|x64
		{5FCACBDE-6FA3-4A45-8410-BBF1E1EAC751}.Debug|x86.ActiveCfg = Debug|Win32
		{5FCACBDE-6FA3-4A45-8410-BBF1E1EAC751}.Debug|x86.Build.0 = Debug|Win32
		{5FCACBDE-6FA3-4A45-8410-BBF1E1EAC751}.Release|ARM.ActiveCfg = Release|ARM
		{5FCACBDE-6FA3-4A45-8410-BBF1E1EAC751}.Release|ARM.Build.0 = Release|ARM
		{5FCACBDE-6FA3-4A45-8410-BBF1E1EAC751}.Release|Win32.ActiveCfg = Release|Win32
		{5FCACBDE-6FA3-4A45-8410-BBF1E1EAC751}.Release|Win32.Build.0 = Release|Win32
		{5FCACBDE-6FA3-4A45-8410-BBF1E1EAC751}.Release|x64.ActiveCfg = Release|x64
		{5FCACBDE-6FA3-4A45-8410-BBF1E1EAC751}.Release|x64.Build.0 = Release|x64
		{5FCACBDE-6FA3-4A45-8410-BBF1E1EAC751}.Release|x86.ActiveCfg = Release|Win32
		{5FCACBDE-6FA3-4A45-8410-BBF1E1EAC751}.Release|x86.Build.0 = Release|Win32
		{76F43739-A386-4F56-8FE2-116643575DE6}.Debug|ARM.ActiveCfg = Debug|Win32
		{76F43739-A386-4F56-8FE2-116643575DE6}.Debug|Win32.ActiveCfg = Debug|Win32
		{76F43739-A386-4F56-8FE2-116643575DE6}.Debug|Win32.Build.0 = Debug|Win32
		{76F43739-A386-4F56-8FE2-116643575DE6}.Debug|Win32.Deploy.0 = Debug|Win32
		{76F43739-A386-4F56-8FE2-116643575DE6}.Debug|x64.ActiveCfg = Debug|x64
		{76F43739-A386-4F56-8FE2-116643575DE6}.Debug|x64.Build.0 = Debug|x64
		{76F43739-A386-4F56-8FE2-116643575DE6}.Debug|x64.Deploy.0 = Debug|x64
		{76F43739-A386-4F56-8FE2-116643575DE6}.Debug|x86.ActiveCfg = Debug|Win32
		{76F43739-A386-4F56-8FE2-116643575DE6}.Debug|x86.Build.0 = Debug|Win32
		{76F43739-A386-4F56-8FE2-116643575DE6}.Debug|x86.Deploy.0 = Debug|Win32
		{76F43739-A386-4F56-8FE2-116643575DE6}.Release|ARM.ActiveCfg = Release|Win32
		{76F43739-A386-4F56-8FE2-116643575DE6}.Release|Win32.ActiveCfg = Release|Win32
		{76F43739-A386-4F56-8FE2-116643575DE6}.Release|Win32.Build.0 = Release|Win32
		{76F43739-A386-4F56-8FE2-116643575DE6}.Release|Win32.Deploy.0 = Release|Win32
		{76F43739-A386-4F56-8FE2-116643575DE6}.Release|x64.ActiveCfg = Release|x64
		{76F43739-A386-4F56-8FE2-116643575DE6}.Release|x64.Build.0 = Release|x64
		{76F43739-A386-4F56-8FE2-116643575DE6}.Release|x64.Deploy.0 = Release|x64
		{76F43739-A386-4F56-8FE2-116643575DE6}.Release|x86.ActiveCfg = Release|Win32
		{76F43739-A386-4F56-8FE2-116643575DE6}.Release|x86.Build.0 = Release|Win32
		{76F43739-A386-4F56-8FE2-116643575DE6}.Release|x86.Deploy.0 = Release|Win32
		{70B871BD-6370-4F69-8EC3-A4D090DE3E39}.Debug|ARM.ActiveCfg = Debug|Win32
		{70B871BD-6370-4F69-8EC3-A4D090DE3E39}.Debug|Win32.ActiveCfg = Debug|Win32
		{70B871BD-6370-4F69-8EC3-A4D090DE3E39}.Debug|Win32.Build.0 = Debug|Win32
		{70B871BD-6370-4F69-8EC3-A4D090DE3E39}.Debug|x64.ActiveCfg = Debug|Win32
		{70B871BD-6370-4F69-8EC3-A4D090DE3E39}.Debug|x86.ActiveCfg = Debug|Win32
		{70B871BD-6370-4F69-8EC3-A4D090DE3E39}.Debug|x86.Build.0 = Debug|Win32
		{70B871BD-6370-4F69-8EC3-A4D090DE3E39}.Release|ARM.ActiveCfg = Release|Win32
		{70B871BD-6370-4F69-8EC3-A4D090DE3E39}.Release|Win32.ActiveCfg = Release|Win32
		{70B871BD-6370-4F69-8EC3-A4D090DE3E39}.Release|Win32.Build.0 = Release|Win32
		{70B871BD-6370-4F69-8EC3-A4D090DE3E39}.Release|x64.ActiveCfg = Release|Win32
		{70B871BD-6370-4F69-8EC3-A4D090DE3E39}.Release|x86.ActiveCfg = Release|Win32
		{70B871BD-6370-4F69-8EC3-A4D090DE3E39}.Release|x86.Build.0 = Release|Win32
	EndGlobalSection
	GlobalSection(SolutionProperties) = preSolution
		HideSolutionNode = FALSE
	EndGlobalSection
	GlobalSection(ExtensibilityGlobals) = postSolution
		SolutionGuid = {96E3C69C-738D-4743-A1E1-9C18BAC69021}
	EndGlobalSection
EndGlobal
